
Microsoft Visual Studio Solution File, Format Version 12.00
# Visual Studio Version 17
VisualStudioVersion = 17.2.32630.192
MinimumVisualStudioVersion = 10.0.40219.1
Project("{FAE04EC0-301F-11D3-BF4B-00C04F79EFBC}") = "SQLiteEncrypter", "SQLiteEncrypter\SQLiteEncrypter.csproj", "{C7299E92-D6CD-42F0-8CE5-D71828CFA84E}"
EndProject
Global
	GlobalSection(SolutionConfigurationPlatforms) = preSolution
		Debug|Any CPU = Debug|Any CPU
		Release|Any CPU = Release|Any CPU
	EndGlobalSection
	GlobalSection(ProjectConfigurationPlatforms) = postSolution
		{C7299E92-D6CD-42F0-8CE5-D71828CFA84E}.Debug|Any CPU.ActiveCfg = Debug|Any CPU
		{C7299E92-D6CD-42F0-8CE5-D71828CFA84E}.Debug|Any CPU.Build.0 = Debug|Any CPU
		{C7299E92-D6CD-42F0-8CE5-D71828CFA84E}.Release|Any CPU.ActiveCfg = Release|Any CPU
		{C7299E92-D6CD-42F0-8CE5-D71828CFA84E}.Release|Any CPU.Build.0 = Release|Any CPU
	EndGlobalSection
	GlobalSection(SolutionProperties) = preSolution
		HideSolutionNode = FALSE
	EndGlobalSection
	GlobalSection(ExtensibilityGlobals) = postSolution
		SolutionGuid = {52FF1A7A-10D1-4876-96BB-7981FD21791D}
	EndGlobalSection
EndGlobal
